
Microsoft Visual Studio Solution File, Format Version 12.00
# Visual Studio Version 17
VisualStudioVersion = 17.14.36301.6 d17.14
MinimumVisualStudioVersion = 10.0.40219.1
Project("{FAE04EC0-301F-11D3-BF4B-00C04F79EFBC}") = "Day3", "Day3\Day3.csproj", "{D3F25834-BFA7-4145-85CC-FD0F07B7F354}"
EndProject
Global
	GlobalSection(SolutionConfigurationPlatforms) = preSolution
		Debug|Any CPU = Debug|Any CPU
		Release|Any CPU = Release|Any CPU
	EndGlobalSection
	GlobalSection(ProjectConfigurationPlatforms) = postSolution
		{D3F25834-BFA7-4145-85CC-FD0F07B7F354}.Debug|Any CPU.ActiveCfg = Debug|Any CPU
		{D3F25834-BFA7-4145-85CC-FD0F07B7F354}.Debug|Any CPU.Build.0 = Debug|Any CPU
		{D3F25834-BFA7-4145-85CC-FD0F07B7F354}.Release|Any CPU.ActiveCfg = Release|Any CPU
		{D3F25834-BFA7-4145-85CC-FD0F07B7F354}.Release|Any CPU.Build.0 = Release|Any CPU
	EndGlobalSection
	GlobalSection(SolutionProperties) = preSolution
		HideSolutionNode = FALSE
	EndGlobalSection
	GlobalSection(ExtensibilityGlobals) = postSolution
		SolutionGuid = {E98BEA2C-F4B2-44BA-8518-7A008818658D}
	EndGlobalSection
EndGlobal
